
Microsoft Visual Studio Solution File, Format Version 12.00
# Visual Studio Version 16
VisualStudioVersion = 16.0.29613.14
MinimumVisualStudioVersion = 10.0.40219.1
Project("{FAE04EC0-301F-11D3-BF4B-00C04F79EFBC}") = "BannerlordModTemplate", "BannerlordModTemplate\BannerlordModTemplate.csproj", "{0ACCC242-262B-47B0-BF98-AA1CD58CC80F}"
EndProject
Project("{FAE04EC0-301F-11D3-BF4B-00C04F79EFBC}") = "BannerlordModTemplateWizard", "BannerlordModTemplateWizard\BannerlordModTemplateWizard.csproj", "{828FE87B-37F4-4120-AED2-7FADF98AD47C}"
EndProject
Global
	GlobalSection(SolutionConfigurationPlatforms) = preSolution
		Debug|Any CPU = Debug|Any CPU
		Release|Any CPU = Release|Any CPU
	EndGlobalSection
	GlobalSection(ProjectConfigurationPlatforms) = postSolution
		{0ACCC242-262B-47B0-BF98-AA1CD58CC80F}.Debug|Any CPU.ActiveCfg = Debug|Any CPU
		{0ACCC242-262B-47B0-BF98-AA1CD58CC80F}.Debug|Any CPU.Build.0 = Debug|Any CPU
		{0ACCC242-262B-47B0-BF98-AA1CD58CC80F}.Release|Any CPU.ActiveCfg = Release|Any CPU
		{0ACCC242-262B-47B0-BF98-AA1CD58CC80F}.Release|Any CPU.Build.0 = Release|Any CPU
		{828FE87B-37F4-4120-AED2-7FADF98AD47C}.Debug|Any CPU.ActiveCfg = Debug|Any CPU
		{828FE87B-37F4-4120-AED2-7FADF98AD47C}.Debug|Any CPU.Build.0 = Debug|Any CPU
		{828FE87B-37F4-4120-AED2-7FADF98AD47C}.Release|Any CPU.ActiveCfg = Release|Any CPU
		{828FE87B-37F4-4120-AED2-7FADF98AD47C}.Release|Any CPU.Build.0 = Release|Any CPU
	EndGlobalSection
	GlobalSection(SolutionProperties) = preSolution
		HideSolutionNode = FALSE
	EndGlobalSection
	GlobalSection(ExtensibilityGlobals) = postSolution
		SolutionGuid = {CCC6033A-EF6F-4E9D-8F88-48BBBC7A52CA}
	EndGlobalSection
EndGlobal
